
Microsoft Visual Studio Solution File, Format Version 12.00
# Visual Studio 15
VisualStudioVersion = 15.0.28307.1169
MinimumVisualStudioVersion = 10.0.40219.1
Project("{FAE04EC0-301F-11D3-BF4B-00C04F79EFBC}") = "udpChat", "udpChat\udpChat.csproj", "{D5A1E52D-2031-4A15-A1E4-4DAF61F73541}"
EndProject
Global
	GlobalSection(SolutionConfigurationPlatforms) = preSolution
		Debug|Any CPU = Debug|Any CPU
		Release|Any CPU = Release|Any CPU
	EndGlobalSection
	GlobalSection(ProjectConfigurationPlatforms) = postSolution
		{D5A1E52D-2031-4A15-A1E4-4DAF61F73541}.Debug|Any CPU.ActiveCfg = Debug|Any CPU
		{D5A1E52D-2031-4A15-A1E4-4DAF61F73541}.Debug|Any CPU.Build.0 = Debug|Any CPU
		{D5A1E52D-2031-4A15-A1E4-4DAF61F73541}.Release|Any CPU.ActiveCfg = Release|Any CPU
		{D5A1E52D-2031-4A15-A1E4-4DAF61F73541}.Release|Any CPU.Build.0 = Release|Any CPU
	EndGlobalSection
	GlobalSection(SolutionProperties) = preSolution
		HideSolutionNode = FALSE
	EndGlobalSection
	GlobalSection(ExtensibilityGlobals) = postSolution
		SolutionGuid = {7DC25405-FAD9-4A39-9BE6-B93C3B6B908C}
	EndGlobalSection
EndGlobal
